
Microsoft Visual Studio Solution File, Format Version 12.00
# Visual Studio 14
VisualStudioVersion = 14.0.23107.0
MinimumVisualStudioVersion = 10.0.40219.1
Project("{FAE04EC0-301F-11D3-BF4B-00C04F79EFBC}") = "ThemedWindowStyle", "ThemedWindowStyle\ThemedWindowStyle.csproj", "{DE2DC0CD-73D6-42FF-B1B4-BAA03B71FF29}"
EndProject
Project("{2150E333-8FDC-42A3-9474-1A3956D46DE8}") = "Tests", "Tests", "{64C2AE44-B55D-49DA-95AB-D83857472496}"
EndProject
Project("{FAE04EC0-301F-11D3-BF4B-00C04F79EFBC}") = "Ulysses.ProcessingAlgorithms.Tests", "Ulysses.NUC.Tests\Ulysses.ProcessingAlgorithms.Tests.csproj", "{5E27E58D-4EFF-4B39-82A8-42B79F528191}"
EndProject
Project("{FAE04EC0-301F-11D3-BF4B-00C04F79EFBC}") = "Ulysses.Core", "Ulysses.Core\Ulysses.Core.csproj", "{9A0E8400-20BC-4359-9AC1-DCF6B176DA64}"
EndProject
Project("{FAE04EC0-301F-11D3-BF4B-00C04F79EFBC}") = "Ulysses.ProcessingEngine.Tests", "Ulysses.ProcessingEngine.Tests\Ulysses.ProcessingEngine.Tests.csproj", "{97E9A47D-C4FC-4BC5-AA31-EC71B0D2B217}"
EndProject
Project("{FAE04EC0-301F-11D3-BF4B-00C04F79EFBC}") = "Ulysses.ImageAcquisition", "Ulysses.ImageAcquisition\Ulysses.ImageAcquisition.csproj", "{1498E5A3-760C-49EC-B09A-FB80FD2EE378}"
EndProject
Project("{FAE04EC0-301F-11D3-BF4B-00C04F79EFBC}") = "Ulysses.ProcessingEngine", "Ulysses.ProcessingEngine\Ulysses.ProcessingEngine.csproj", "{C06CD4EB-F9BA-407F-8002-3F20AA6A7951}"
EndProject
Project("{FAE04EC0-301F-11D3-BF4B-00C04F79EFBC}") = "Ulysses.ImageAcquisition.Tests", "Ulysses.ImageAcquisition.Tests\Ulysses.ImageAcquisition.Tests.csproj", "{296C102D-1A69-4316-A3D7-2341B6871C53}"
EndProject
Project("{FAE04EC0-301F-11D3-BF4B-00C04F79EFBC}") = "Ulysses.Tests.Core", "Ulysses.Tests.Core\Ulysses.Tests.Core.csproj", "{A3739521-F2FA-4148-830D-E55E14684D7F}"
EndProject
Project("{FAE04EC0-301F-11D3-BF4B-00C04F79EFBC}") = "Ulysses.App", "Ulysses.App\Ulysses.App.csproj", "{EDEA7A4C-05B2-44FE-B8F3-40A5F29CDC54}"
EndProject
Project("{2150E333-8FDC-42A3-9474-1A3956D46DE8}") = "UI", "UI", "{FA164ABA-112C-455F-8543-0D0297BF09F9}"
EndProject
Project("{FAE04EC0-301F-11D3-BF4B-00C04F79EFBC}") = "Ulysses.UI.Tests.Core", "Ulysses.UI.Tests.Core\Ulysses.UI.Tests.Core.csproj", "{F7AE18DC-BFA9-40F2-835C-91958703B8C0}"
EndProject
Project("{FAE04EC0-301F-11D3-BF4B-00C04F79EFBC}") = "Ulysses.UI.WindowObjects", "Ulysses.UI.WindowObjects\Ulysses.UI.WindowObjects.csproj", "{0B6CA737-3BA4-4C52-8D42-68529A3FEFCC}"
EndProject
Project("{FAE04EC0-301F-11D3-BF4B-00C04F79EFBC}") = "Ulysses.UI.Tests", "Ulysses.UI.Tests\Ulysses.UI.Tests.csproj", "{2F0E49DD-745C-4565-A0CA-0DB60C644FEB}"
EndProject
Project("{FAE04EC0-301F-11D3-BF4B-00C04F79EFBC}") = "Ulysses.App.Tests", "Ulysses.App.Tests\Ulysses.App.Tests.csproj", "{45F9996F-A851-45CD-BBC2-57BDFEB8735B}"
EndProject
Project("{FAE04EC0-301F-11D3-BF4B-00C04F79EFBC}") = "Ulysses.App.Controls", "Ulysses.App.Controls\Ulysses.App.Controls.csproj", "{25C54779-F8BC-491C-959C-3FFA006B91CF}"
EndProject
Project("{FAE04EC0-301F-11D3-BF4B-00C04F79EFBC}") = "Ulysses.ProcessingAlgorithms", "Ulysses.ProcessingAlgorithms\Ulysses.ProcessingAlgorithms.csproj", "{12F8668F-FF96-4108-B9B9-1998218851B8}"
EndProject
Global
	GlobalSection(SolutionConfigurationPlatforms) = preSolution
		Debug|Any CPU = Debug|Any CPU
		Release|Any CPU = Release|Any CPU
	EndGlobalSection
	GlobalSection(ProjectConfigurationPlatforms) = postSolution
		{DE2DC0CD-73D6-42FF-B1B4-BAA03B71FF29}.Debug|Any CPU.ActiveCfg = Debug|Any CPU
		{DE2DC0CD-73D6-42FF-B1B4-BAA03B71FF29}.Debug|Any CPU.Build.0 = Debug|Any CPU
		{DE2DC0CD-73D6-42FF-B1B4-BAA03B71FF29}.Release|Any CPU.ActiveCfg = Release|Any CPU
		{DE2DC0CD-73D6-42FF-B1B4-BAA03B71FF29}.Release|Any CPU.Build.0 = Release|Any CPU
		{5E27E58D-4EFF-4B39-82A8-42B79F528191}.Debug|Any CPU.ActiveCfg = Debug|Any CPU
		{5E27E58D-4EFF-4B39-82A8-42B79F528191}.Debug|Any CPU.Build.0 = Debug|Any CPU
		{5E27E58D-4EFF-4B39-82A8-42B79F528191}.Release|Any CPU.ActiveCfg = Release|Any CPU
		{5E27E58D-4EFF-4B39-82A8-42B79F528191}.Release|Any CPU.Build.0 = Release|Any CPU
		{9A0E8400-20BC-4359-9AC1-DCF6B176DA64}.Debug|Any CPU.ActiveCfg = Debug|Any CPU
		{9A0E8400-20BC-4359-9AC1-DCF6B176DA64}.Debug|Any CPU.Build.0 = Debug|Any CPU
		{9A0E8400-20BC-4359-9AC1-DCF6B176DA64}.Release|Any CPU.ActiveCfg = Release|Any CPU
		{9A0E8400-20BC-4359-9AC1-DCF6B176DA64}.Release|Any CPU.Build.0 = Release|Any CPU
		{97E9A47D-C4FC-4BC5-AA31-EC71B0D2B217}.Debug|Any CPU.ActiveCfg = Debug|Any CPU
		{97E9A47D-C4FC-4BC5-AA31-EC71B0D2B217}.Debug|Any CPU.Build.0 = Debug|Any CPU
		{97E9A47D-C4FC-4BC5-AA31-EC71B0D2B217}.Release|Any CPU.ActiveCfg = Release|Any CPU
		{97E9A47D-C4FC-4BC5-AA31-EC71B0D2B217}.Release|Any CPU.Build.0 = Release|Any CPU
		{1498E5A3-760C-49EC-B09A-FB80FD2EE378}.Debug|Any CPU.ActiveCfg = Debug|Any CPU
		{1498E5A3-760C-49EC-B09A-FB80FD2EE378}.Debug|Any CPU.Build.0 = Debug|Any CPU
		{1498E5A3-760C-49EC-B09A-FB80FD2EE378}.Release|Any CPU.ActiveCfg = Release|Any CPU
		{1498E5A3-760C-49EC-B09A-FB80FD2EE378}.Release|Any CPU.Build.0 = Release|Any CPU
		{C06CD4EB-F9BA-407F-8002-3F20AA6A7951}.Debug|Any CPU.ActiveCfg = Debug|Any CPU
		{C06CD4EB-F9BA-407F-8002-3F20AA6A7951}.Debug|Any CPU.Build.0 = Debug|Any CPU
		{C06CD4EB-F9BA-407F-8002-3F20AA6A7951}.Release|Any CPU.ActiveCfg = Release|Any CPU
		{C06CD4EB-F9BA-407F-8002-3F20AA6A7951}.Release|Any CPU.Build.0 = Release|Any CPU
		{296C102D-1A69-4316-A3D7-2341B6871C53}.Debug|Any CPU.ActiveCfg = Debug|Any CPU
		{296C102D-1A69-4316-A3D7-2341B6871C53}.Debug|Any CPU.Build.0 = Debug|Any CPU
		{296C102D-1A69-4316-A3D7-2341B6871C53}.Release|Any CPU.ActiveCfg = Release|Any CPU
		{296C102D-1A69-4316-A3D7-2341B6871C53}.Release|Any CPU.Build.0 = Release|Any CPU
		{A3739521-F2FA-4148-830D-E55E14684D7F}.Debug|Any CPU.ActiveCfg = Debug|Any CPU
		{A3739521-F2FA-4148-830D-E55E14684D7F}.Debug|Any CPU.Build.0 = Debug|Any CPU
		{A3739521-F2FA-4148-830D-E55E14684D7F}.Release|Any CPU.ActiveCfg = Release|Any CPU
		{A3739521-F2FA-4148-830D-E55E14684D7F}.Release|Any CPU.Build.0 = Release|Any CPU
		{EDEA7A4C-05B2-44FE-B8F3-40A5F29CDC54}.Debug|Any CPU.ActiveCfg = Debug|Any CPU
		{EDEA7A4C-05B2-44FE-B8F3-40A5F29CDC54}.Debug|Any CPU.Build.0 = Debug|Any CPU
		{EDEA7A4C-05B2-44FE-B8F3-40A5F29CDC54}.Release|Any CPU.ActiveCfg = Release|Any CPU
		{EDEA7A4C-05B2-44FE-B8F3-40A5F29CDC54}.Release|Any CPU.Build.0 = Release|Any CPU
		{F7AE18DC-BFA9-40F2-835C-91958703B8C0}.Debug|Any CPU.ActiveCfg = Debug|Any CPU
		{F7AE18DC-BFA9-40F2-835C-91958703B8C0}.Debug|Any CPU.Build.0 = Debug|Any CPU
		{F7AE18DC-BFA9-40F2-835C-91958703B8C0}.Release|Any CPU.ActiveCfg = Release|Any CPU
		{F7AE18DC-BFA9-40F2-835C-91958703B8C0}.Release|Any CPU.Build.0 = Release|Any CPU
		{0B6CA737-3BA4-4C52-8D42-68529A3FEFCC}.Debug|Any CPU.ActiveCfg = Debug|Any CPU
		{0B6CA737-3BA4-4C52-8D42-68529A3FEFCC}.Debug|Any CPU.Build.0 = Debug|Any CPU
		{0B6CA737-3BA4-4C52-8D42-68529A3FEFCC}.Release|Any CPU.ActiveCfg = Release|Any CPU
		{0B6CA737-3BA4-4C52-8D42-68529A3FEFCC}.Release|Any CPU.Build.0 = Release|Any CPU
		{2F0E49DD-745C-4565-A0CA-0DB60C644FEB}.Debug|Any CPU.ActiveCfg = Debug|Any CPU
		{2F0E49DD-745C-4565-A0CA-0DB60C644FEB}.Debug|Any CPU.Build.0 = Debug|Any CPU
		{2F0E49DD-745C-4565-A0CA-0DB60C644FEB}.Release|Any CPU.ActiveCfg = Release|Any CPU
		{2F0E49DD-745C-4565-A0CA-0DB60C644FEB}.Release|Any CPU.Build.0 = Release|Any CPU
		{45F9996F-A851-45CD-BBC2-57BDFEB8735B}.Debug|Any CPU.ActiveCfg = Debug|Any CPU
		{45F9996F-A851-45CD-BBC2-57BDFEB8735B}.Debug|Any CPU.Build.0 = Debug|Any CPU
		{45F9996F-A851-45CD-BBC2-57BDFEB8735B}.Release|Any CPU.ActiveCfg = Release|Any CPU
		{45F9996F-A851-45CD-BBC2-57BDFEB8735B}.Release|Any CPU.Build.0 = Release|Any CPU
		{25C54779-F8BC-491C-959C-3FFA006B91CF}.Debug|Any CPU.ActiveCfg = Debug|Any CPU
		{25C54779-F8BC-491C-959C-3FFA006B91CF}.Debug|Any CPU.Build.0 = Debug|Any CPU
		{25C54779-F8BC-491C-959C-3FFA006B91CF}.Release|Any CPU.ActiveCfg = Release|Any CPU
		{25C54779-F8BC-491C-959C-3FFA006B91CF}.Release|Any CPU.Build.0 = Release|Any CPU
		{12F8668F-FF96-4108-B9B9-1998218851B8}.Debug|Any CPU.ActiveCfg = Debug|Any CPU
		{12F8668F-FF96-4108-B9B9-1998218851B8}.Debug|Any CPU.Build.0 = Debug|Any CPU
		{12F8668F-FF96-4108-B9B9-1998218851B8}.Release|Any CPU.ActiveCfg = Release|Any CPU
		{12F8668F-FF96-4108-B9B9-1998218851B8}.Release|Any CPU.Build.0 = Release|Any CPU
	EndGlobalSection
	GlobalSection(SolutionProperties) = preSolution
		HideSolutionNode = FALSE
	EndGlobalSection
	GlobalSection(NestedProjects) = preSolution
		{5E27E58D-4EFF-4B39-82A8-42B79F528191} = {64C2AE44-B55D-49DA-95AB-D83857472496}
		{97E9A47D-C4FC-4BC5-AA31-EC71B0D2B217} = {64C2AE44-B55D-49DA-95AB-D83857472496}
		{296C102D-1A69-4316-A3D7-2341B6871C53} = {64C2AE44-B55D-49DA-95AB-D83857472496}
		{A3739521-F2FA-4148-830D-E55E14684D7F} = {64C2AE44-B55D-49DA-95AB-D83857472496}
		{FA164ABA-112C-455F-8543-0D0297BF09F9} = {64C2AE44-B55D-49DA-95AB-D83857472496}
		{F7AE18DC-BFA9-40F2-835C-91958703B8C0} = {FA164ABA-112C-455F-8543-0D0297BF09F9}
		{0B6CA737-3BA4-4C52-8D42-68529A3FEFCC} = {FA164ABA-112C-455F-8543-0D0297BF09F9}
		{2F0E49DD-745C-4565-A0CA-0DB60C644FEB} = {FA164ABA-112C-455F-8543-0D0297BF09F9}
		{45F9996F-A851-45CD-BBC2-57BDFEB8735B} = {64C2AE44-B55D-49DA-95AB-D83857472496}
	EndGlobalSection
EndGlobal
